// !$*UTF8*$!
{
	archiveVersion = 1;
	classes = {
	};
	objectVersion = 55;
	objects = {

/* Begin PBXBuildFile section */
		F5922B0928C2490100F021F2 /* AppDelegate.swift in Sources */ = {isa = PBXBuildFile; fileRef = F5922B0828C2490100F021F2 /* AppDelegate.swift */; };
		F5922B0B28C2490100F021F2 /* SceneDelegate.swift in Sources */ = {isa = PBXBuildFile; fileRef = F5922B0A28C2490100F021F2 /* SceneDelegate.swift */; };
		F5922B0D28C2490100F021F2 /* ViewController.swift in Sources */ = {isa = PBXBuildFile; fileRef = F5922B0C28C2490100F021F2 /* ViewController.swift */; };
		F5922B1228C2490500F021F2 /* Assets.xcassets in Resources */ = {isa = PBXBuildFile; fileRef = F5922B1128C2490500F021F2 /* Assets.xcassets */; };
		F5922B1528C2490500F021F2 /* LaunchScreen.storyboard in Resources */ = {isa = PBXBuildFile; fileRef = F5922B1328C2490500F021F2 /* LaunchScreen.storyboard */; };
		F5922B2028C2490500F021F2 /* fakturyTests.swift in Sources */ = {isa = PBXBuildFile; fileRef = F5922B1F28C2490500F021F2 /* fakturyTests.swift */; };
		F5922B2A28C2490500F021F2 /* fakturyUITests.swift in Sources */ = {isa = PBXBuildFile; fileRef = F5922B2928C2490500F021F2 /* fakturyUITests.swift */; };
		F5922B2C28C2490500F021F2 /* fakturyUITestsLaunchTests.swift in Sources */ = {isa = PBXBuildFile; fileRef = F5922B2B28C2490500F021F2 /* fakturyUITestsLaunchTests.swift */; };
		F5922B3A28C24A3B00F021F2 /* FirstScreen.swift in Sources */ = {isa = PBXBuildFile; fileRef = F5922B3928C24A3B00F021F2 /* FirstScreen.swift */; };
		F5922B3C28C24DAF00F021F2 /* Coordinator.swift in Sources */ = {isa = PBXBuildFile; fileRef = F5922B3B28C24DAF00F021F2 /* Coordinator.swift */; };
		F5922B3E28C251F200F021F2 /* MainCoordinator.swift in Sources */ = {isa = PBXBuildFile; fileRef = F5922B3D28C251F200F021F2 /* MainCoordinator.swift */; };
/* End PBXBuildFile section */

/* Begin PBXContainerItemProxy section */
		F5922B1C28C2490500F021F2 /* PBXContainerItemProxy */ = {
			isa = PBXContainerItemProxy;
			containerPortal = F5922AFD28C2490100F021F2 /* Project object */;
			proxyType = 1;
			remoteGlobalIDString = F5922B0428C2490100F021F2;
			remoteInfo = faktury;
		};
		F5922B2628C2490500F021F2 /* PBXContainerItemProxy */ = {
			isa = PBXContainerItemProxy;
			containerPortal = F5922AFD28C2490100F021F2 /* Project object */;
			proxyType = 1;
			remoteGlobalIDString = F5922B0428C2490100F021F2;
			remoteInfo = faktury;
		};
/* End PBXContainerItemProxy section */

/* Begin PBXFileReference section */
		F5922B0528C2490100F021F2 /* faktury.app */ = {isa = PBXFileReference; explicitFileType = wrapper.application; includeInIndex = 0; path = faktury.app; sourceTree = BUILT_PRODUCTS_DIR; };
		F5922B0828C2490100F021F2 /* AppDelegate.swift */ = {isa = PBXFileReference; lastKnownFileType = sourcecode.swift; path = AppDelegate.swift; sourceTree = "<group>"; };
		F5922B0A28C2490100F021F2 /* SceneDelegate.swift */ = {isa = PBXFileReference; lastKnownFileType = sourcecode.swift; path = SceneDelegate.swift; sourceTree = "<group>"; };
		F5922B0C28C2490100F021F2 /* ViewController.swift */ = {isa = PBXFileReference; lastKnownFileType = sourcecode.swift; path = ViewController.swift; sourceTree = "<group>"; };
		F5922B1128C2490500F021F2 /* Assets.xcassets */ = {isa = PBXFileReference; lastKnownFileType = folder.assetcatalog; path = Assets.xcassets; sourceTree = "<group>"; };
		F5922B1428C2490500F021F2 /* Base */ = {isa = PBXFileReference; lastKnownFileType = file.storyboard; name = Base; path = Base.lproj/LaunchScreen.storyboard; sourceTree = "<group>"; };
		F5922B1628C2490500F021F2 /* Info.plist */ = {isa = PBXFileReference; lastKnownFileType = text.plist.xml; path = Info.plist; sourceTree = "<group>"; };
		F5922B1B28C2490500F021F2 /* fakturyTests.xctest */ = {isa = PBXFileReference; explicitFileType = wrapper.cfbundle; includeInIndex = 0; path = fakturyTests.xctest; sourceTree = BUILT_PRODUCTS_DIR; };
		F5922B1F28C2490500F021F2 /* fakturyTests.swift */ = {isa = PBXFileReference; lastKnownFileType = sourcecode.swift; path = fakturyTests.swift; sourceTree = "<group>"; };
		F5922B2528C2490500F021F2 /* fakturyUITests.xctest */ = {isa = PBXFileReference; explicitFileType = wrapper.cfbundle; includeInIndex = 0; path = fakturyUITests.xctest; sourceTree = BUILT_PRODUCTS_DIR; };
		F5922B2928C2490500F021F2 /* fakturyUITests.swift */ = {isa = PBXFileReference; lastKnownFileType = sourcecode.swift; path = fakturyUITests.swift; sourceTree = "<group>"; };
		F5922B2B28C2490500F021F2 /* fakturyUITestsLaunchTests.swift */ = {isa = PBXFileReference; lastKnownFileType = sourcecode.swift; path = fakturyUITestsLaunchTests.swift; sourceTree = "<group>"; };
		F5922B3928C24A3B00F021F2 /* FirstScreen.swift */ = {isa = PBXFileReference; lastKnownFileType = sourcecode.swift; path = FirstScreen.swift; sourceTree = "<group>"; };
		F5922B3B28C24DAF00F021F2 /* Coordinator.swift */ = {isa = PBXFileReference; lastKnownFileType = sourcecode.swift; path = Coordinator.swift; sourceTree = "<group>"; };
		F5922B3D28C251F200F021F2 /* MainCoordinator.swift */ = {isa = PBXFileReference; lastKnownFileType = sourcecode.swift; path = MainCoordinator.swift; sourceTree = "<group>"; };
/* End PBXFileReference section */

/* Begin PBXFrameworksBuildPhase section */
		F5922B0228C2490100F021F2 /* Frameworks */ = {
			isa = PBXFrameworksBuildPhase;
			buildActionMask = 2147483647;
			files = (
			);
			runOnlyForDeploymentPostprocessing = 0;
		};
		F5922B1828C2490500F021F2 /* Frameworks */ = {
			isa = PBXFrameworksBuildPhase;
			buildActionMask = 2147483647;
			files = (
			);
			runOnlyForDeploymentPostprocessing = 0;
		};
		F5922B2228C2490500F021F2 /* Frameworks */ = {
			isa = PBXFrameworksBuildPhase;
			buildActionMask = 2147483647;
			files = (
			);
			runOnlyForDeploymentPostprocessing = 0;
		};
/* End PBXFrameworksBuildPhase section */

/* Begin PBXGroup section */
		F5922AFC28C2490000F021F2 = {
			isa = PBXGroup;
			children = (
				F5922B0728C2490100F021F2 /* faktury */,
				F5922B1E28C2490500F021F2 /* fakturyTests */,
				F5922B2828C2490500F021F2 /* fakturyUITests */,
				F5922B0628C2490100F021F2 /* Products */,
			);
			sourceTree = "<group>";
		};
		F5922B0628C2490100F021F2 /* Products */ = {
			isa = PBXGroup;
			children = (
				F5922B0528C2490100F021F2 /* faktury.app */,
				F5922B1B28C2490500F021F2 /* fakturyTests.xctest */,
				F5922B2528C2490500F021F2 /* fakturyUITests.xctest */,
			);
			name = Products;
			sourceTree = "<group>";
		};
		F5922B0728C2490100F021F2 /* faktury */ = {
			isa = PBXGroup;
			children = (
				F5922B4028C2654200F021F2 /* Coordinator */,
				F5922B3F28C2653500F021F2 /* Controller */,
				F5922B3828C24A1C00F021F2 /* View */,
				F5922B0828C2490100F021F2 /* AppDelegate.swift */,
				F5922B0A28C2490100F021F2 /* SceneDelegate.swift */,
				F5922B0C28C2490100F021F2 /* ViewController.swift */,
				F5922B1128C2490500F021F2 /* Assets.xcassets */,
				F5922B1328C2490500F021F2 /* LaunchScreen.storyboard */,
				F5922B1628C2490500F021F2 /* Info.plist */,
				F5922B3B28C24DAF00F021F2 /* Coordinator.swift */,
				F5922B3D28C251F200F021F2 /* MainCoordinator.swift */,
			);
			path = faktury;
			sourceTree = "<group>";
		};
		F5922B1E28C2490500F021F2 /* fakturyTests */ = {
			isa = PBXGroup;
			children = (
				F5922B1F28C2490500F021F2 /* fakturyTests.swift */,
			);
			path = fakturyTests;
			sourceTree = "<group>";
		};
		F5922B2828C2490500F021F2 /* fakturyUITests */ = {
			isa = PBXGroup;
			children = (
				F5922B2928C2490500F021F2 /* fakturyUITests.swift */,
				F5922B2B28C2490500F021F2 /* fakturyUITestsLaunchTests.swift */,
			);
			path = fakturyUITests;
			sourceTree = "<group>";
		};
		F5922B3828C24A1C00F021F2 /* View */ = {
			isa = PBXGroup;
			children = (
				F5922B3928C24A3B00F021F2 /* FirstScreen.swift */,
			);
			path = View;
			sourceTree = "<group>";
		};
		F5922B3F28C2653500F021F2 /* Controller */ = {
			isa = PBXGroup;
			children = (
			);
			path = Controller;
			sourceTree = "<group>";
		};
		F5922B4028C2654200F021F2 /* Coordinator */ = {
			isa = PBXGroup;
			children = (
			);
			path = Coordinator;
			sourceTree = "<group>";
		};
/* End PBXGroup section */

/* Begin PBXNativeTarget section */
		F5922B0428C2490100F021F2 /* faktury */ = {
			isa = PBXNativeTarget;
			buildConfigurationList = F5922B2F28C2490500F021F2 /* Build configuration list for PBXNativeTarget "faktury" */;
			buildPhases = (
				F5922B0128C2490100F021F2 /* Sources */,
				F5922B0228C2490100F021F2 /* Frameworks */,
				F5922B0328C2490100F021F2 /* Resources */,
			);
			buildRules = (
			);
			dependencies = (
			);
			name = faktury;
			productName = faktury;
			productReference = F5922B0528C2490100F021F2 /* faktury.app */;
			productType = "com.apple.product-type.application";
		};
		F5922B1A28C2490500F021F2 /* fakturyTests */ = {
			isa = PBXNativeTarget;
			buildConfigurationList = F5922B3228C2490500F021F2 /* Build configuration list for PBXNativeTarget "fakturyTests" */;
			buildPhases = (
				F5922B1728C2490500F021F2 /* Sources */,
				F5922B1828C2490500F021F2 /* Frameworks */,
				F5922B1928C2490500F021F2 /* Resources */,
			);
			buildRules = (
			);
			dependencies = (
				F5922B1D28C2490500F021F2 /* PBXTargetDependency */,
			);
			name = fakturyTests;
			productName = fakturyTests;
			productReference = F5922B1B28C2490500F021F2 /* fakturyTests.xctest */;
			productType = "com.apple.product-type.bundle.unit-test";
		};
		F5922B2428C2490500F021F2 /* fakturyUITests */ = {
			isa = PBXNativeTarget;
			buildConfigurationList = F5922B3528C2490500F021F2 /* Build configuration list for PBXNativeTarget "fakturyUITests" */;
			buildPhases = (
				F5922B2128C2490500F021F2 /* Sources */,
				F5922B2228C2490500F021F2 /* Frameworks */,
				F5922B2328C2490500F021F2 /* Resources */,
			);
			buildRules = (
			);
			dependencies = (
				F5922B2728C2490500F021F2 /* PBXTargetDependency */,
			);
			name = fakturyUITests;
			productName = fakturyUITests;
			productReference = F5922B2528C2490500F021F2 /* fakturyUITests.xctest */;
			productType = "com.apple.product-type.bundle.ui-testing";
		};
/* End PBXNativeTarget section */

/* Begin PBXProject section */
		F5922AFD28C2490100F021F2 /* Project object */ = {
			isa = PBXProject;
			attributes = {
				BuildIndependentTargetsInParallel = 1;
				LastSwiftUpdateCheck = 1340;
				LastUpgradeCheck = 1340;
				TargetAttributes = {
					F5922B0428C2490100F021F2 = {
						CreatedOnToolsVersion = 13.4.1;
					};
					F5922B1A28C2490500F021F2 = {
						CreatedOnToolsVersion = 13.4.1;
						TestTargetID = F5922B0428C2490100F021F2;
					};
					F5922B2428C2490500F021F2 = {
						CreatedOnToolsVersion = 13.4.1;
						TestTargetID = F5922B0428C2490100F021F2;
					};
				};
			};
			buildConfigurationList = F5922B0028C2490100F021F2 /* Build configuration list for PBXProject "faktury" */;
			compatibilityVersion = "Xcode 13.0";
			developmentRegion = en;
			hasScannedForEncodings = 0;
			knownRegions = (
				en,
				Base,
			);
			mainGroup = F5922AFC28C2490000F021F2;
			productRefGroup = F5922B0628C2490100F021F2 /* Products */;
			projectDirPath = "";
			projectRoot = "";
			targets = (
				F5922B0428C2490100F021F2 /* faktury */,
				F5922B1A28C2490500F021F2 /* fakturyTests */,
				F5922B2428C2490500F021F2 /* fakturyUITests */,
			);
		};
/* End PBXProject section */

/* Begin PBXResourcesBuildPhase section */
		F5922B0328C2490100F021F2 /* Resources */ = {
			isa = PBXResourcesBuildPhase;
			buildActionMask = 2147483647;
			files = (
				F5922B1528C2490500F021F2 /* LaunchScreen.storyboard in Resources */,
				F5922B1228C2490500F021F2 /* Assets.xcassets in Resources */,
			);
			runOnlyForDeploymentPostprocessing = 0;
		};
		F5922B1928C2490500F021F2 /* Resources */ = {
			isa = PBXResourcesBuildPhase;
			buildActionMask = 2147483647;
			files = (
			);
			runOnlyForDeploymentPostprocessing = 0;
		};
		F5922B2328C2490500F021F2 /* Resources */ = {
			isa = PBXResourcesBuildPhase;
			buildActionMask = 2147483647;
			files = (
			);
			runOnlyForDeploymentPostprocessing = 0;
		};
/* End PBXResourcesBuildPhase section */

/* Begin PBXSourcesBuildPhase section */
		F5922B0128C2490100F021F2 /* Sources */ = {
			isa = PBXSourcesBuildPhase;
			buildActionMask = 2147483647;
			files = (
				F5922B3A28C24A3B00F021F2 /* FirstScreen.swift in Sources */,
				F5922B3E28C251F200F021F2 /* MainCoordinator.swift in Sources */,
				F5922B0D28C2490100F021F2 /* ViewController.swift in Sources */,
				F5922B3C28C24DAF00F021F2 /* Coordinator.swift in Sources */,
				F5922B0928C2490100F021F2 /* AppDelegate.swift in Sources */,
				F5922B0B28C2490100F021F2 /* SceneDelegate.swift in Sources */,
			);
			runOnlyForDeploymentPostprocessing = 0;
		};
		F5922B1728C2490500F021F2 /* Sources */ = {
			isa = PBXSourcesBuildPhase;
			buildActionMask = 2147483647;
			files = (
				F5922B2028C2490500F021F2 /* fakturyTests.swift in Sources */,
			);
			runOnlyForDeploymentPostprocessing = 0;
		};
		F5922B2128C2490500F021F2 /* Sources */ = {
			isa = PBXSourcesBuildPhase;
			buildActionMask = 2147483647;
			files = (
				F5922B2A28C2490500F021F2 /* fakturyUITests.swift in Sources */,
				F5922B2C28C2490500F021F2 /* fakturyUITestsLaunchTests.swift in Sources */,
			);
			runOnlyForDeploymentPostprocessing = 0;
		};
/* End PBXSourcesBuildPhase section */

/* Begin PBXTargetDependency section */
		F5922B1D28C2490500F021F2 /* PBXTargetDependency */ = {
			isa = PBXTargetDependency;
			target = F5922B0428C2490100F021F2 /* faktury */;
			targetProxy = F5922B1C28C2490500F021F2 /* PBXContainerItemProxy */;
		};
		F5922B2728C2490500F021F2 /* PBXTargetDependency */ = {
			isa = PBXTargetDependency;
			target = F5922B0428C2490100F021F2 /* faktury */;
			targetProxy = F5922B2628C2490500F021F2 /* PBXContainerItemProxy */;
		};
/* End PBXTargetDependency section */

/* Begin PBXVariantGroup section */
		F5922B1328C2490500F021F2 /* LaunchScreen.storyboard */ = {
			isa = PBXVariantGroup;
			children = (
				F5922B1428C2490500F021F2 /* Base */,
			);
			name = LaunchScreen.storyboard;
			sourceTree = "<group>";
		};
/* End PBXVariantGroup section */

/* Begin XCBuildConfiguration section */
		F5922B2D28C2490500F021F2 /* Debug */ = {
			isa = XCBuildConfiguration;
			buildSettings = {
				ALWAYS_SEARCH_USER_PATHS = NO;
				CLANG_ANALYZER_NONNULL = YES;
				CLANG_ANALYZER_NUMBER_OBJECT_CONVERSION = YES_AGGRESSIVE;
				CLANG_CXX_LANGUAGE_STANDARD = "gnu++17";
				CLANG_ENABLE_MODULES = YES;
				CLANG_ENABLE_OBJC_ARC = YES;
				CLANG_ENABLE_OBJC_WEAK = YES;
				CLANG_WARN_BLOCK_CAPTURE_AUTORELEASING = YES;
				CLANG_WARN_BOOL_CONVERSION = YES;
				CLANG_WARN_COMMA = YES;
				CLANG_WARN_CONSTANT_CONVERSION = YES;
				CLANG_WARN_DEPRECATED_OBJC_IMPLEMENTATIONS = YES;
				CLANG_WARN_DIRECT_OBJC_ISA_USAGE = YES_ERROR;
				CLANG_WARN_DOCUMENTATION_COMMENTS = YES;
				CLANG_WARN_EMPTY_BODY = YES;
				CLANG_WARN_ENUM_CONVERSION = YES;
				CLANG_WARN_INFINITE_RECURSION = YES;
				CLANG_WARN_INT_CONVERSION = YES;
				CLANG_WARN_NON_LITERAL_NULL_CONVERSION = YES;
				CLANG_WARN_OBJC_IMPLICIT_RETAIN_SELF = YES;
				CLANG_WARN_OBJC_LITERAL_CONVERSION = YES;
				CLANG_WARN_OBJC_ROOT_CLASS = YES_ERROR;
				CLANG_WARN_QUOTED_INCLUDE_IN_FRAMEWORK_HEADER = YES;
				CLANG_WARN_RANGE_LOOP_ANALYSIS = YES;
				CLANG_WARN_STRICT_PROTOTYPES = YES;
				CLANG_WARN_SUSPICIOUS_MOVE = YES;
				CLANG_WARN_UNGUARDED_AVAILABILITY = YES_AGGRESSIVE;
				CLANG_WARN_UNREACHABLE_CODE = YES;
				CLANG_WARN__DUPLICATE_METHOD_MATCH = YES;
				COPY_PHASE_STRIP = NO;
				DEBUG_INFORMATION_FORMAT = dwarf;
				ENABLE_STRICT_OBJC_MSGSEND = YES;
				ENABLE_TESTABILITY = YES;
				GCC_C_LANGUAGE_STANDARD = gnu11;
				GCC_DYNAMIC_NO_PIC = NO;
				GCC_NO_COMMON_BLOCKS = YES;
				GCC_OPTIMIZATION_LEVEL = 0;
				GCC_PREPROCESSOR_DEFINITIONS = (
					"DEBUG=1",
					"$(inherited)",
				);
				GCC_WARN_64_TO_32_BIT_CONVERSION = YES;
				GCC_WARN_ABOUT_RETURN_TYPE = YES_ERROR;
				GCC_WARN_UNDECLARED_SELECTOR = YES;
				GCC_WARN_UNINITIALIZED_AUTOS = YES_AGGRESSIVE;
				GCC_WARN_UNUSED_FUNCTION = YES;
				GCC_WARN_UNUSED_VARIABLE = YES;
				IPHONEOS_DEPLOYMENT_TARGET = 15.5;
				MTL_ENABLE_DEBUG_INFO = INCLUDE_SOURCE;
				MTL_FAST_MATH = YES;
				ONLY_ACTIVE_ARCH = YES;
				SDKROOT = iphoneos;
				SWIFT_ACTIVE_COMPILATION_CONDITIONS = DEBUG;
				SWIFT_OPTIMIZATION_LEVEL = "-Onone";
			};
			name = Debug;
		};
		F5922B2E28C2490500F021F2 /* Release */ = {
			isa = XCBuildConfiguration;
			buildSettings = {
				ALWAYS_SEARCH_USER_PATHS = NO;
				CLANG_ANALYZER_NONNULL = YES;
				CLANG_ANALYZER_NUMBER_OBJECT_CONVERSION = YES_AGGRESSIVE;
				CLANG_CXX_LANGUAGE_STANDARD = "gnu++17";
				CLANG_ENABLE_MODULES = YES;
				CLANG_ENABLE_OBJC_ARC = YES;
				CLANG_ENABLE_OBJC_WEAK = YES;
				CLANG_WARN_BLOCK_CAPTURE_AUTORELEASING = YES;
				CLANG_WARN_BOOL_CONVERSION = YES;
				CLANG_WARN_COMMA = YES;
				CLANG_WARN_CONSTANT_CONVERSION = YES;
				CLANG_WARN_DEPRECATED_OBJC_IMPLEMENTATIONS = YES;
				CLANG_WARN_DIRECT_OBJC_ISA_USAGE = YES_ERROR;
				CLANG_WARN_DOCUMENTATION_COMMENTS = YES;
				CLANG_WARN_EMPTY_BODY = YES;
				CLANG_WARN_ENUM_CONVERSION = YES;
				CLANG_WARN_INFINITE_RECURSION = YES;
				CLANG_WARN_INT_CONVERSION = YES;
				CLANG_WARN_NON_LITERAL_NULL_CONVERSION = YES;
				CLANG_WARN_OBJC_IMPLICIT_RETAIN_SELF = YES;
				CLANG_WARN_OBJC_LITERAL_CONVERSION = YES;
				CLANG_WARN_OBJC_ROOT_CLASS = YES_ERROR;
				CLANG_WARN_QUOTED_INCLUDE_IN_FRAMEWORK_HEADER = YES;
				CLANG_WARN_RANGE_LOOP_ANALYSIS = YES;
				CLANG_WARN_STRICT_PROTOTYPES = YES;
				CLANG_WARN_SUSPICIOUS_MOVE = YES;
				CLANG_WARN_UNGUARDED_AVAILABILITY = YES_AGGRESSIVE;
				CLANG_WARN_UNREACHABLE_CODE = YES;
				CLANG_WARN__DUPLICATE_METHOD_MATCH = YES;
				COPY_PHASE_STRIP = NO;
				DEBUG_INFORMATION_FORMAT = "dwarf-with-dsym";
				ENABLE_NS_ASSERTIONS = NO;
				ENABLE_STRICT_OBJC_MSGSEND = YES;
				GCC_C_LANGUAGE_STANDARD = gnu11;
				GCC_NO_COMMON_BLOCKS = YES;
				GCC_WARN_64_TO_32_BIT_CONVERSION = YES;
				GCC_WARN_ABOUT_RETURN_TYPE = YES_ERROR;
				GCC_WARN_UNDECLARED_SELECTOR = YES;
				GCC_WARN_UNINITIALIZED_AUTOS = YES_AGGRESSIVE;
				GCC_WARN_UNUSED_FUNCTION = YES;
				GCC_WARN_UNUSED_VARIABLE = YES;
				IPHONEOS_DEPLOYMENT_TARGET = 15.5;
				MTL_ENABLE_DEBUG_INFO = NO;
				MTL_FAST_MATH = YES;
				SDKROOT = iphoneos;
				SWIFT_COMPILATION_MODE = wholemodule;
				SWIFT_OPTIMIZATION_LEVEL = "-O";
				VALIDATE_PRODUCT = YES;
			};
			name = Release;
		};
		F5922B3028C2490500F021F2 /* Debug */ = {
			isa = XCBuildConfiguration;
			buildSettings = {
				ASSETCATALOG_COMPILER_APPICON_NAME = AppIcon;
				ASSETCATALOG_COMPILER_GLOBAL_ACCENT_COLOR_NAME = AccentColor;
				CODE_SIGN_STYLE = Automatic;
				CURRENT_PROJECT_VERSION = 1;
				DEVELOPMENT_TEAM = 2HGWA8M68U;
				GENERATE_INFOPLIST_FILE = YES;
				INFOPLIST_FILE = faktury/Info.plist;
				INFOPLIST_KEY_UIApplicationSupportsIndirectInputEvents = YES;
				INFOPLIST_KEY_UILaunchStoryboardName = LaunchScreen;
				INFOPLIST_KEY_UISupportedInterfaceOrientations_iPad = "UIInterfaceOrientationPortrait UIInterfaceOrientationPortraitUpsideDown UIInterfaceOrientationLandscapeLeft UIInterfaceOrientationLandscapeRight";
				INFOPLIST_KEY_UISupportedInterfaceOrientations_iPhone = "UIInterfaceOrientationPortrait UIInterfaceOrientationLandscapeLeft UIInterfaceOrientationLandscapeRight";
				LD_RUNPATH_SEARCH_PATHS = (
					"$(inherited)",
					"@executable_path/Frameworks",
				);
				MARKETING_VERSION = 1.0;
				PRODUCT_BUNDLE_IDENTIFIER = babinmichal.faktury;
				PRODUCT_NAME = "$(TARGET_NAME)";
				SWIFT_EMIT_LOC_STRINGS = YES;
				SWIFT_VERSION = 5.0;
				TARGETED_DEVICE_FAMILY = "1,2";
			};
			name = Debug;
		};
		F5922B3128C2490500F021F2 /* Release */ = {
			isa = XCBuildConfiguration;
			buildSettings = {
				ASSETCATALOG_COMPILER_APPICON_NAME = AppIcon;
				ASSETCATALOG_COMPILER_GLOBAL_ACCENT_COLOR_NAME = AccentColor;
				CODE_SIGN_STYLE = Automatic;
				CURRENT_PROJECT_VERSION = 1;
				DEVELOPMENT_TEAM = 2HGWA8M68U;
				GENERATE_INFOPLIST_FILE = YES;
				INFOPLIST_FILE = faktury/Info.plist;
				INFOPLIST_KEY_UIApplicationSupportsIndirectInputEvents = YES;
				INFOPLIST_KEY_UILaunchStoryboardName = LaunchScreen;
				INFOPLIST_KEY_UISupportedInterfaceOrientations_iPad = "UIInterfaceOrientationPortrait UIInterfaceOrientationPortraitUpsideDown UIInterfaceOrientationLandscapeLeft UIInterfaceOrientationLandscapeRight";
				INFOPLIST_KEY_UISupportedInterfaceOrientations_iPhone = "UIInterfaceOrientationPortrait UIInterfaceOrientationLandscapeLeft UIInterfaceOrientationLandscapeRight";
				LD_RUNPATH_SEARCH_PATHS = (
					"$(inherited)",
					"@executable_path/Frameworks",
				);
				MARKETING_VERSION = 1.0;
				PRODUCT_BUNDLE_IDENTIFIER = babinmichal.faktury;
				PRODUCT_NAME = "$(TARGET_NAME)";
				SWIFT_EMIT_LOC_STRINGS = YES;
				SWIFT_VERSION = 5.0;
				TARGETED_DEVICE_FAMILY = "1,2";
			};
			name = Release;
		};
		F5922B3328C2490500F021F2 /* Debug */ = {
			isa = XCBuildConfiguration;
			buildSettings = {
				ALWAYS_EMBED_SWIFT_STANDARD_LIBRARIES = YES;
				BUNDLE_LOADER = "$(TEST_HOST)";
				CODE_SIGN_STYLE = Automatic;
				CURRENT_PROJECT_VERSION = 1;
				DEVELOPMENT_TEAM = 2HGWA8M68U;
				GENERATE_INFOPLIST_FILE = YES;
				IPHONEOS_DEPLOYMENT_TARGET = 15.5;
				MARKETING_VERSION = 1.0;
				PRODUCT_BUNDLE_IDENTIFIER = babinmichal.fakturyTests;
				PRODUCT_NAME = "$(TARGET_NAME)";
				SWIFT_EMIT_LOC_STRINGS = NO;
				SWIFT_VERSION = 5.0;
				TARGETED_DEVICE_FAMILY = "1,2";
				TEST_HOST = "$(BUILT_PRODUCTS_DIR)/faktury.app/faktury";
			};
			name = Debug;
		};
		F5922B3428C2490500F021F2 /* Release */ = {
			isa = XCBuildConfiguration;
			buildSettings = {
				ALWAYS_EMBED_SWIFT_STANDARD_LIBRARIES = YES;
				BUNDLE_LOADER = "$(TEST_HOST)";
				CODE_SIGN_STYLE = Automatic;
				CURRENT_PROJECT_VERSION = 1;
				DEVELOPMENT_TEAM = 2HGWA8M68U;
				GENERATE_INFOPLIST_FILE = YES;
				IPHONEOS_DEPLOYMENT_TARGET = 15.5;
				MARKETING_VERSION = 1.0;
				PRODUCT_BUNDLE_IDENTIFIER = babinmichal.fakturyTests;
				PRODUCT_NAME = "$(TARGET_NAME)";
				SWIFT_EMIT_LOC_STRINGS = NO;
				SWIFT_VERSION = 5.0;
				TARGETED_DEVICE_FAMILY = "1,2";
				TEST_HOST = "$(BUILT_PRODUCTS_DIR)/faktury.app/faktury";
			};
			name = Release;
		};
		F5922B3628C2490500F021F2 /* Debug */ = {
			isa = XCBuildConfiguration;
			buildSettings = {
				ALWAYS_EMBED_SWIFT_STANDARD_LIBRARIES = YES;
				CODE_SIGN_STYLE = Automatic;
				CURRENT_PROJECT_VERSION = 1;
				DEVELOPMENT_TEAM = 2HGWA8M68U;
				GENERATE_INFOPLIST_FILE = YES;
				MARKETING_VERSION = 1.0;
				PRODUCT_BUNDLE_IDENTIFIER = babinmichal.fakturyUITests;
				PRODUCT_NAME = "$(TARGET_NAME)";
				SWIFT_EMIT_LOC_STRINGS = NO;
				SWIFT_VERSION = 5.0;
				TARGETED_DEVICE_FAMILY = "1,2";
				TEST_TARGET_NAME = faktury;
			};
			name = Debug;
		};
		F5922B3728C2490500F021F2 /* Release */ = {
			isa = XCBuildConfiguration;
			buildSettings = {
				ALWAYS_EMBED_SWIFT_STANDARD_LIBRARIES = YES;
				CODE_SIGN_STYLE = Automatic;
				CURRENT_PROJECT_VERSION = 1;
				DEVELOPMENT_TEAM = 2HGWA8M68U;
				GENERATE_INFOPLIST_FILE = YES;
				MARKETING_VERSION = 1.0;
				PRODUCT_BUNDLE_IDENTIFIER = babinmichal.fakturyUITests;
				PRODUCT_NAME = "$(TARGET_NAME)";
				SWIFT_EMIT_LOC_STRINGS = NO;
				SWIFT_VERSION = 5.0;
				TARGETED_DEVICE_FAMILY = "1,2";
				TEST_TARGET_NAME = faktury;
			};
			name = Release;
		};
/* End XCBuildConfiguration section */

/* Begin XCConfigurationList section */
		F5922B0028C2490100F021F2 /* Build configuration list for PBXProject "faktury" */ = {
			isa = XCConfigurationList;
			buildConfigurations = (
				F5922B2D28C2490500F021F2 /* Debug */,
				F5922B2E28C2490500F021F2 /* Release */,
			);
			defaultConfigurationIsVisible = 0;
			defaultConfigurationName = Release;
		};
		F5922B2F28C2490500F021F2 /* Build configuration list for PBXNativeTarget "faktury" */ = {
			isa = XCConfigurationList;
			buildConfigurations = (
				F5922B3028C2490500F021F2 /* Debug */,
				F5922B3128C2490500F021F2 /* Release */,
			);
			defaultConfigurationIsVisible = 0;
			defaultConfigurationName = Release;
		};
		F5922B3228C2490500F021F2 /* Build configuration list for PBXNativeTarget "fakturyTests" */ = {
			isa = XCConfigurationList;
			buildConfigurations = (
				F5922B3328C2490500F021F2 /* Debug */,
				F5922B3428C2490500F021F2 /* Release */,
			);
			defaultConfigurationIsVisible = 0;
			defaultConfigurationName = Release;
		};
		F5922B3528C2490500F021F2 /* Build configuration list for PBXNativeTarget "fakturyUITests" */ = {
			isa = XCConfigurationList;
			buildConfigurations = (
				F5922B3628C2490500F021F2 /* Debug */,
				F5922B3728C2490500F021F2 /* Release */,
			);
			defaultConfigurationIsVisible = 0;
			defaultConfigurationName = Release;
		};
/* End XCConfigurationList section */
	};
	rootObject = F5922AFD28C2490100F021F2 /* Project object */;
}
