// !$*UTF8*$!
{
	archiveVersion = 1;
	classes = {
	};
	objectVersion = 55;
	objects = {

/* Begin PBXBuildFile section */
		37F9310A53DE7DDB5853E2F6 /* Pods_fakturyTests.framework in Frameworks */ = {isa = PBXBuildFile; fileRef = 7E1C1DF78725D8E216BB866F /* Pods_fakturyTests.framework */; };
		5523A4E87EA7571C1B2BA49D /* Pods_faktury.framework in Frameworks */ = {isa = PBXBuildFile; fileRef = 3FA4171A3C711F1963858E32 /* Pods_faktury.framework */; };
		5D92421128C5D45D009AEA87 /* SummaryView.swift in Sources */ = {isa = PBXBuildFile; fileRef = 5D92421028C5D45D009AEA87 /* SummaryView.swift */; };
		5D92421328C5F51C009AEA87 /* SummaryViewController.swift in Sources */ = {isa = PBXBuildFile; fileRef = 5D92421228C5F51B009AEA87 /* SummaryViewController.swift */; };
		C6A6937596D767882BFB9D45 /* Pods_faktury_fakturyUITests.framework in Frameworks */ = {isa = PBXBuildFile; fileRef = 4406F8D9CEB62AD41150AC48 /* Pods_faktury_fakturyUITests.framework */; };
		F5922B0928C2490100F021F2 /* AppDelegate.swift in Sources */ = {isa = PBXBuildFile; fileRef = F5922B0828C2490100F021F2 /* AppDelegate.swift */; };
		F5922B0B28C2490100F021F2 /* SceneDelegate.swift in Sources */ = {isa = PBXBuildFile; fileRef = F5922B0A28C2490100F021F2 /* SceneDelegate.swift */; };
		F5922B0D28C2490100F021F2 /* UserInputViewController.swift in Sources */ = {isa = PBXBuildFile; fileRef = F5922B0C28C2490100F021F2 /* UserInputViewController.swift */; };
		F5922B1228C2490500F021F2 /* Assets.xcassets in Resources */ = {isa = PBXBuildFile; fileRef = F5922B1128C2490500F021F2 /* Assets.xcassets */; };
		F5922B1528C2490500F021F2 /* LaunchScreen.storyboard in Resources */ = {isa = PBXBuildFile; fileRef = F5922B1328C2490500F021F2 /* LaunchScreen.storyboard */; };
		F5922B2028C2490500F021F2 /* fakturyTests.swift in Sources */ = {isa = PBXBuildFile; fileRef = F5922B1F28C2490500F021F2 /* fakturyTests.swift */; };
		F5922B2A28C2490500F021F2 /* fakturyUITests.swift in Sources */ = {isa = PBXBuildFile; fileRef = F5922B2928C2490500F021F2 /* fakturyUITests.swift */; };
		F5922B2C28C2490500F021F2 /* fakturyUITestsLaunchTests.swift in Sources */ = {isa = PBXBuildFile; fileRef = F5922B2B28C2490500F021F2 /* fakturyUITestsLaunchTests.swift */; };
		F5922B3A28C24A3B00F021F2 /* UserInputView.swift in Sources */ = {isa = PBXBuildFile; fileRef = F5922B3928C24A3B00F021F2 /* UserInputView.swift */; };
		F5922B3C28C24DAF00F021F2 /* Coordinator.swift in Sources */ = {isa = PBXBuildFile; fileRef = F5922B3B28C24DAF00F021F2 /* Coordinator.swift */; };
		F5922B3E28C251F200F021F2 /* MainCoordinator.swift in Sources */ = {isa = PBXBuildFile; fileRef = F5922B3D28C251F200F021F2 /* MainCoordinator.swift */; };
		F5922B4228C35D7E00F021F2 /* CustomButton.swift in Sources */ = {isa = PBXBuildFile; fileRef = F5922B4128C35D7E00F021F2 /* CustomButton.swift */; };
		F5922B4428C36AAC00F021F2 /* ApprovalView.swift in Sources */ = {isa = PBXBuildFile; fileRef = F5922B4328C36AAC00F021F2 /* ApprovalView.swift */; };
		F5922B4628C36EBF00F021F2 /* ApprovalViewController.swift in Sources */ = {isa = PBXBuildFile; fileRef = F5922B4528C36EBF00F021F2 /* ApprovalViewController.swift */; };
/* End PBXBuildFile section */

/* Begin PBXContainerItemProxy section */
		F5922B1C28C2490500F021F2 /* PBXContainerItemProxy */ = {
			isa = PBXContainerItemProxy;
			containerPortal = F5922AFD28C2490100F021F2 /* Project object */;
			proxyType = 1;
			remoteGlobalIDString = F5922B0428C2490100F021F2;
			remoteInfo = faktury;
		};
		F5922B2628C2490500F021F2 /* PBXContainerItemProxy */ = {
			isa = PBXContainerItemProxy;
			containerPortal = F5922AFD28C2490100F021F2 /* Project object */;
			proxyType = 1;
			remoteGlobalIDString = F5922B0428C2490100F021F2;
			remoteInfo = faktury;
		};
/* End PBXContainerItemProxy section */

/* Begin PBXFileReference section */
		3FA4171A3C711F1963858E32 /* Pods_faktury.framework */ = {isa = PBXFileReference; explicitFileType = wrapper.framework; includeInIndex = 0; path = Pods_faktury.framework; sourceTree = BUILT_PRODUCTS_DIR; };
		4406F8D9CEB62AD41150AC48 /* Pods_faktury_fakturyUITests.framework */ = {isa = PBXFileReference; explicitFileType = wrapper.framework; includeInIndex = 0; path = Pods_faktury_fakturyUITests.framework; sourceTree = BUILT_PRODUCTS_DIR; };
		4E16FC2CA008D229B5CEB57E /* Pods-faktury-fakturyUITests.debug.xcconfig */ = {isa = PBXFileReference; includeInIndex = 1; lastKnownFileType = text.xcconfig; name = "Pods-faktury-fakturyUITests.debug.xcconfig"; path = "Target Support Files/Pods-faktury-fakturyUITests/Pods-faktury-fakturyUITests.debug.xcconfig"; sourceTree = "<group>"; };
		5D92421028C5D45D009AEA87 /* SummaryView.swift */ = {isa = PBXFileReference; lastKnownFileType = sourcecode.swift; path = SummaryView.swift; sourceTree = "<group>"; };
		5D92421228C5F51B009AEA87 /* SummaryViewController.swift */ = {isa = PBXFileReference; lastKnownFileType = sourcecode.swift; path = SummaryViewController.swift; sourceTree = "<group>"; };
		73366C80F699AB979D701F2D /* Pods-faktury.debug.xcconfig */ = {isa = PBXFileReference; includeInIndex = 1; lastKnownFileType = text.xcconfig; name = "Pods-faktury.debug.xcconfig"; path = "Target Support Files/Pods-faktury/Pods-faktury.debug.xcconfig"; sourceTree = "<group>"; };
		7E1C1DF78725D8E216BB866F /* Pods_fakturyTests.framework */ = {isa = PBXFileReference; explicitFileType = wrapper.framework; includeInIndex = 0; path = Pods_fakturyTests.framework; sourceTree = BUILT_PRODUCTS_DIR; };
		B06375B5D8F52E0B6F126C1F /* Pods-fakturyTests.release.xcconfig */ = {isa = PBXFileReference; includeInIndex = 1; lastKnownFileType = text.xcconfig; name = "Pods-fakturyTests.release.xcconfig"; path = "Target Support Files/Pods-fakturyTests/Pods-fakturyTests.release.xcconfig"; sourceTree = "<group>"; };
		C6A71C4397D7064A087D1863 /* Pods-faktury.release.xcconfig */ = {isa = PBXFileReference; includeInIndex = 1; lastKnownFileType = text.xcconfig; name = "Pods-faktury.release.xcconfig"; path = "Target Support Files/Pods-faktury/Pods-faktury.release.xcconfig"; sourceTree = "<group>"; };
		D60857868D7559C708A8E4FD /* Pods-faktury-fakturyUITests.release.xcconfig */ = {isa = PBXFileReference; includeInIndex = 1; lastKnownFileType = text.xcconfig; name = "Pods-faktury-fakturyUITests.release.xcconfig"; path = "Target Support Files/Pods-faktury-fakturyUITests/Pods-faktury-fakturyUITests.release.xcconfig"; sourceTree = "<group>"; };
		F4EA60F6FBE6EF56EC076A64 /* Pods-fakturyTests.debug.xcconfig */ = {isa = PBXFileReference; includeInIndex = 1; lastKnownFileType = text.xcconfig; name = "Pods-fakturyTests.debug.xcconfig"; path = "Target Support Files/Pods-fakturyTests/Pods-fakturyTests.debug.xcconfig"; sourceTree = "<group>"; };
		F5922B0528C2490100F021F2 /* faktury.app */ = {isa = PBXFileReference; explicitFileType = wrapper.application; includeInIndex = 0; path = faktury.app; sourceTree = BUILT_PRODUCTS_DIR; };
		F5922B0828C2490100F021F2 /* AppDelegate.swift */ = {isa = PBXFileReference; lastKnownFileType = sourcecode.swift; path = AppDelegate.swift; sourceTree = "<group>"; };
		F5922B0A28C2490100F021F2 /* SceneDelegate.swift */ = {isa = PBXFileReference; lastKnownFileType = sourcecode.swift; path = SceneDelegate.swift; sourceTree = "<group>"; };
		F5922B0C28C2490100F021F2 /* UserInputViewController.swift */ = {isa = PBXFileReference; lastKnownFileType = sourcecode.swift; path = UserInputViewController.swift; sourceTree = "<group>"; };
		F5922B1128C2490500F021F2 /* Assets.xcassets */ = {isa = PBXFileReference; lastKnownFileType = folder.assetcatalog; path = Assets.xcassets; sourceTree = "<group>"; };
		F5922B1428C2490500F021F2 /* Base */ = {isa = PBXFileReference; lastKnownFileType = file.storyboard; name = Base; path = Base.lproj/LaunchScreen.storyboard; sourceTree = "<group>"; };
		F5922B1628C2490500F021F2 /* Info.plist */ = {isa = PBXFileReference; lastKnownFileType = text.plist.xml; path = Info.plist; sourceTree = "<group>"; };
		F5922B1B28C2490500F021F2 /* fakturyTests.xctest */ = {isa = PBXFileReference; explicitFileType = wrapper.cfbundle; includeInIndex = 0; path = fakturyTests.xctest; sourceTree = BUILT_PRODUCTS_DIR; };
		F5922B1F28C2490500F021F2 /* fakturyTests.swift */ = {isa = PBXFileReference; lastKnownFileType = sourcecode.swift; path = fakturyTests.swift; sourceTree = "<group>"; };
		F5922B2528C2490500F021F2 /* fakturyUITests.xctest */ = {isa = PBXFileReference; explicitFileType = wrapper.cfbundle; includeInIndex = 0; path = fakturyUITests.xctest; sourceTree = BUILT_PRODUCTS_DIR; };
		F5922B2928C2490500F021F2 /* fakturyUITests.swift */ = {isa = PBXFileReference; lastKnownFileType = sourcecode.swift; path = fakturyUITests.swift; sourceTree = "<group>"; };
		F5922B2B28C2490500F021F2 /* fakturyUITestsLaunchTests.swift */ = {isa = PBXFileReference; lastKnownFileType = sourcecode.swift; path = fakturyUITestsLaunchTests.swift; sourceTree = "<group>"; };
		F5922B3928C24A3B00F021F2 /* UserInputView.swift */ = {isa = PBXFileReference; lastKnownFileType = sourcecode.swift; path = UserInputView.swift; sourceTree = "<group>"; };
		F5922B3B28C24DAF00F021F2 /* Coordinator.swift */ = {isa = PBXFileReference; lastKnownFileType = sourcecode.swift; path = Coordinator.swift; sourceTree = "<group>"; };
		F5922B3D28C251F200F021F2 /* MainCoordinator.swift */ = {isa = PBXFileReference; lastKnownFileType = sourcecode.swift; path = MainCoordinator.swift; sourceTree = "<group>"; };
		F5922B4128C35D7E00F021F2 /* CustomButton.swift */ = {isa = PBXFileReference; lastKnownFileType = sourcecode.swift; path = CustomButton.swift; sourceTree = "<group>"; };
		F5922B4328C36AAC00F021F2 /* ApprovalView.swift */ = {isa = PBXFileReference; lastKnownFileType = sourcecode.swift; path = ApprovalView.swift; sourceTree = "<group>"; };
		F5922B4528C36EBF00F021F2 /* ApprovalViewController.swift */ = {isa = PBXFileReference; lastKnownFileType = sourcecode.swift; path = ApprovalViewController.swift; sourceTree = "<group>"; };
/* End PBXFileReference section */

/* Begin PBXFrameworksBuildPhase section */
		F5922B0228C2490100F021F2 /* Frameworks */ = {
			isa = PBXFrameworksBuildPhase;
			buildActionMask = 2147483647;
			files = (
				5523A4E87EA7571C1B2BA49D /* Pods_faktury.framework in Frameworks */,
			);
			runOnlyForDeploymentPostprocessing = 0;
		};
		F5922B1828C2490500F021F2 /* Frameworks */ = {
			isa = PBXFrameworksBuildPhase;
			buildActionMask = 2147483647;
			files = (
				37F9310A53DE7DDB5853E2F6 /* Pods_fakturyTests.framework in Frameworks */,
			);
			runOnlyForDeploymentPostprocessing = 0;
		};
		F5922B2228C2490500F021F2 /* Frameworks */ = {
			isa = PBXFrameworksBuildPhase;
			buildActionMask = 2147483647;
			files = (
				C6A6937596D767882BFB9D45 /* Pods_faktury_fakturyUITests.framework in Frameworks */,
			);
			runOnlyForDeploymentPostprocessing = 0;
		};
/* End PBXFrameworksBuildPhase section */

/* Begin PBXGroup section */
		11B670DB83775AA3324F082E /* Pods */ = {
			isa = PBXGroup;
			children = (
				73366C80F699AB979D701F2D /* Pods-faktury.debug.xcconfig */,
				C6A71C4397D7064A087D1863 /* Pods-faktury.release.xcconfig */,
				4E16FC2CA008D229B5CEB57E /* Pods-faktury-fakturyUITests.debug.xcconfig */,
				D60857868D7559C708A8E4FD /* Pods-faktury-fakturyUITests.release.xcconfig */,
				F4EA60F6FBE6EF56EC076A64 /* Pods-fakturyTests.debug.xcconfig */,
				B06375B5D8F52E0B6F126C1F /* Pods-fakturyTests.release.xcconfig */,
			);
			path = Pods;
			sourceTree = "<group>";
		};
		BCE985D1B353A78ECDF72867 /* Frameworks */ = {
			isa = PBXGroup;
			children = (
				3FA4171A3C711F1963858E32 /* Pods_faktury.framework */,
				4406F8D9CEB62AD41150AC48 /* Pods_faktury_fakturyUITests.framework */,
				7E1C1DF78725D8E216BB866F /* Pods_fakturyTests.framework */,
			);
			name = Frameworks;
			sourceTree = "<group>";
		};
		F5922AFC28C2490000F021F2 = {
			isa = PBXGroup;
			children = (
				F5922B0728C2490100F021F2 /* faktury */,
				F5922B1E28C2490500F021F2 /* fakturyTests */,
				F5922B2828C2490500F021F2 /* fakturyUITests */,
				F5922B0628C2490100F021F2 /* Products */,
				11B670DB83775AA3324F082E /* Pods */,
				BCE985D1B353A78ECDF72867 /* Frameworks */,
			);
			sourceTree = "<group>";
		};
		F5922B0628C2490100F021F2 /* Products */ = {
			isa = PBXGroup;
			children = (
				F5922B0528C2490100F021F2 /* faktury.app */,
				F5922B1B28C2490500F021F2 /* fakturyTests.xctest */,
				F5922B2528C2490500F021F2 /* fakturyUITests.xctest */,
			);
			name = Products;
			sourceTree = "<group>";
		};
		F5922B0728C2490100F021F2 /* faktury */ = {
			isa = PBXGroup;
			children = (
				F5922B4028C2654200F021F2 /* Coordinator */,
				F5922B3F28C2653500F021F2 /* Controller */,
				F5922B3828C24A1C00F021F2 /* View */,
				F5922B0828C2490100F021F2 /* AppDelegate.swift */,
				F5922B0A28C2490100F021F2 /* SceneDelegate.swift */,
				F5922B1128C2490500F021F2 /* Assets.xcassets */,
				F5922B1328C2490500F021F2 /* LaunchScreen.storyboard */,
				F5922B1628C2490500F021F2 /* Info.plist */,
			);
			path = faktury;
			sourceTree = "<group>";
		};
		F5922B1E28C2490500F021F2 /* fakturyTests */ = {
			isa = PBXGroup;
			children = (
				F5922B1F28C2490500F021F2 /* fakturyTests.swift */,
			);
			path = fakturyTests;
			sourceTree = "<group>";
		};
		F5922B2828C2490500F021F2 /* fakturyUITests */ = {
			isa = PBXGroup;
			children = (
				F5922B2928C2490500F021F2 /* fakturyUITests.swift */,
				F5922B2B28C2490500F021F2 /* fakturyUITestsLaunchTests.swift */,
			);
			path = fakturyUITests;
			sourceTree = "<group>";
		};
		F5922B3828C24A1C00F021F2 /* View */ = {
			isa = PBXGroup;
			children = (
				F5922B3928C24A3B00F021F2 /* UserInputView.swift */,
				F5922B4128C35D7E00F021F2 /* CustomButton.swift */,
				F5922B4328C36AAC00F021F2 /* ApprovalView.swift */,
				5D92421028C5D45D009AEA87 /* SummaryView.swift */,
			);
			path = View;
			sourceTree = "<group>";
		};
		F5922B3F28C2653500F021F2 /* Controller */ = {
			isa = PBXGroup;
			children = (
				F5922B0C28C2490100F021F2 /* UserInputViewController.swift */,
				F5922B4528C36EBF00F021F2 /* ApprovalViewController.swift */,
				5D92421228C5F51B009AEA87 /* SummaryViewController.swift */,
			);
			path = Controller;
			sourceTree = "<group>";
		};
		F5922B4028C2654200F021F2 /* Coordinator */ = {
			isa = PBXGroup;
			children = (
				F5922B3D28C251F200F021F2 /* MainCoordinator.swift */,
				F5922B3B28C24DAF00F021F2 /* Coordinator.swift */,
			);
			path = Coordinator;
			sourceTree = "<group>";
		};
/* End PBXGroup section */

/* Begin PBXNativeTarget section */
		F5922B0428C2490100F021F2 /* faktury */ = {
			isa = PBXNativeTarget;
			buildConfigurationList = F5922B2F28C2490500F021F2 /* Build configuration list for PBXNativeTarget "faktury" */;
			buildPhases = (
				B8589F35A701C51208AD61CD /* [CP] Check Pods Manifest.lock */,
				F5922B0128C2490100F021F2 /* Sources */,
				F5922B0228C2490100F021F2 /* Frameworks */,
				F5922B0328C2490100F021F2 /* Resources */,
				B42413D916CA161F7641A69D /* [CP] Embed Pods Frameworks */,
			);
			buildRules = (
			);
			dependencies = (
			);
			name = faktury;
			productName = faktury;
			productReference = F5922B0528C2490100F021F2 /* faktury.app */;
			productType = "com.apple.product-type.application";
		};
		F5922B1A28C2490500F021F2 /* fakturyTests */ = {
			isa = PBXNativeTarget;
			buildConfigurationList = F5922B3228C2490500F021F2 /* Build configuration list for PBXNativeTarget "fakturyTests" */;
			buildPhases = (
				BDA6F1E5E124139FC4F45067 /* [CP] Check Pods Manifest.lock */,
				F5922B1728C2490500F021F2 /* Sources */,
				F5922B1828C2490500F021F2 /* Frameworks */,
				F5922B1928C2490500F021F2 /* Resources */,
			);
			buildRules = (
			);
			dependencies = (
				F5922B1D28C2490500F021F2 /* PBXTargetDependency */,
			);
			name = fakturyTests;
			productName = fakturyTests;
			productReference = F5922B1B28C2490500F021F2 /* fakturyTests.xctest */;
			productType = "com.apple.product-type.bundle.unit-test";
		};
		F5922B2428C2490500F021F2 /* fakturyUITests */ = {
			isa = PBXNativeTarget;
			buildConfigurationList = F5922B3528C2490500F021F2 /* Build configuration list for PBXNativeTarget "fakturyUITests" */;
			buildPhases = (
				A3617B69955FC33B7DA1E496 /* [CP] Check Pods Manifest.lock */,
				F5922B2128C2490500F021F2 /* Sources */,
				F5922B2228C2490500F021F2 /* Frameworks */,
				F5922B2328C2490500F021F2 /* Resources */,
				FE322A8A24E553FB72C214C6 /* [CP] Embed Pods Frameworks */,
			);
			buildRules = (
			);
			dependencies = (
				F5922B2728C2490500F021F2 /* PBXTargetDependency */,
			);
			name = fakturyUITests;
			productName = fakturyUITests;
			productReference = F5922B2528C2490500F021F2 /* fakturyUITests.xctest */;
			productType = "com.apple.product-type.bundle.ui-testing";
		};
/* End PBXNativeTarget section */

/* Begin PBXProject section */
		F5922AFD28C2490100F021F2 /* Project object */ = {
			isa = PBXProject;
			attributes = {
				BuildIndependentTargetsInParallel = 1;
				LastSwiftUpdateCheck = 1340;
				LastUpgradeCheck = 1340;
				TargetAttributes = {
					F5922B0428C2490100F021F2 = {
						CreatedOnToolsVersion = 13.4.1;
					};
					F5922B1A28C2490500F021F2 = {
						CreatedOnToolsVersion = 13.4.1;
						TestTargetID = F5922B0428C2490100F021F2;
					};
					F5922B2428C2490500F021F2 = {
						CreatedOnToolsVersion = 13.4.1;
						TestTargetID = F5922B0428C2490100F021F2;
					};
				};
			};
			buildConfigurationList = F5922B0028C2490100F021F2 /* Build configuration list for PBXProject "faktury" */;
			compatibilityVersion = "Xcode 13.0";
			developmentRegion = en;
			hasScannedForEncodings = 0;
			knownRegions = (
				en,
				Base,
			);
			mainGroup = F5922AFC28C2490000F021F2;
			productRefGroup = F5922B0628C2490100F021F2 /* Products */;
			projectDirPath = "";
			projectRoot = "";
			targets = (
				F5922B0428C2490100F021F2 /* faktury */,
				F5922B1A28C2490500F021F2 /* fakturyTests */,
				F5922B2428C2490500F021F2 /* fakturyUITests */,
			);
		};
/* End PBXProject section */

/* Begin PBXResourcesBuildPhase section */
		F5922B0328C2490100F021F2 /* Resources */ = {
			isa = PBXResourcesBuildPhase;
			buildActionMask = 2147483647;
			files = (
				F5922B1528C2490500F021F2 /* LaunchScreen.storyboard in Resources */,
				F5922B1228C2490500F021F2 /* Assets.xcassets in Resources */,
			);
			runOnlyForDeploymentPostprocessing = 0;
		};
		F5922B1928C2490500F021F2 /* Resources */ = {
			isa = PBXResourcesBuildPhase;
			buildActionMask = 2147483647;
			files = (
			);
			runOnlyForDeploymentPostprocessing = 0;
		};
		F5922B2328C2490500F021F2 /* Resources */ = {
			isa = PBXResourcesBuildPhase;
			buildActionMask = 2147483647;
			files = (
			);
			runOnlyForDeploymentPostprocessing = 0;
		};
/* End PBXResourcesBuildPhase section */

/* Begin PBXShellScriptBuildPhase section */
		A3617B69955FC33B7DA1E496 /* [CP] Check Pods Manifest.lock */ = {
			isa = PBXShellScriptBuildPhase;
			buildActionMask = 2147483647;
			files = (
			);
			inputFileListPaths = (
			);
			inputPaths = (
				"${PODS_PODFILE_DIR_PATH}/Podfile.lock",
				"${PODS_ROOT}/Manifest.lock",
			);
			name = "[CP] Check Pods Manifest.lock";
			outputFileListPaths = (
			);
			outputPaths = (
				"$(DERIVED_FILE_DIR)/Pods-faktury-fakturyUITests-checkManifestLockResult.txt",
			);
			runOnlyForDeploymentPostprocessing = 0;
			shellPath = /bin/sh;
			shellScript = "diff \"${PODS_PODFILE_DIR_PATH}/Podfile.lock\" \"${PODS_ROOT}/Manifest.lock\" > /dev/null\nif [ $? != 0 ] ; then\n    # print error to STDERR\n    echo \"error: The sandbox is not in sync with the Podfile.lock. Run 'pod install' or update your CocoaPods installation.\" >&2\n    exit 1\nfi\n# This output is used by Xcode 'outputs' to avoid re-running this script phase.\necho \"SUCCESS\" > \"${SCRIPT_OUTPUT_FILE_0}\"\n";
			showEnvVarsInLog = 0;
		};
		B42413D916CA161F7641A69D /* [CP] Embed Pods Frameworks */ = {
			isa = PBXShellScriptBuildPhase;
			buildActionMask = 2147483647;
			files = (
			);
			inputFileListPaths = (
				"${PODS_ROOT}/Target Support Files/Pods-faktury/Pods-faktury-frameworks-${CONFIGURATION}-input-files.xcfilelist",
			);
			name = "[CP] Embed Pods Frameworks";
			outputFileListPaths = (
				"${PODS_ROOT}/Target Support Files/Pods-faktury/Pods-faktury-frameworks-${CONFIGURATION}-output-files.xcfilelist",
			);
			runOnlyForDeploymentPostprocessing = 0;
			shellPath = /bin/sh;
			shellScript = "\"${PODS_ROOT}/Target Support Files/Pods-faktury/Pods-faktury-frameworks.sh\"\n";
			showEnvVarsInLog = 0;
		};
		B8589F35A701C51208AD61CD /* [CP] Check Pods Manifest.lock */ = {
			isa = PBXShellScriptBuildPhase;
			buildActionMask = 2147483647;
			files = (
			);
			inputFileListPaths = (
			);
			inputPaths = (
				"${PODS_PODFILE_DIR_PATH}/Podfile.lock",
				"${PODS_ROOT}/Manifest.lock",
			);
			name = "[CP] Check Pods Manifest.lock";
			outputFileListPaths = (
			);
			outputPaths = (
				"$(DERIVED_FILE_DIR)/Pods-faktury-checkManifestLockResult.txt",
			);
			runOnlyForDeploymentPostprocessing = 0;
			shellPath = /bin/sh;
			shellScript = "diff \"${PODS_PODFILE_DIR_PATH}/Podfile.lock\" \"${PODS_ROOT}/Manifest.lock\" > /dev/null\nif [ $? != 0 ] ; then\n    # print error to STDERR\n    echo \"error: The sandbox is not in sync with the Podfile.lock. Run 'pod install' or update your CocoaPods installation.\" >&2\n    exit 1\nfi\n# This output is used by Xcode 'outputs' to avoid re-running this script phase.\necho \"SUCCESS\" > \"${SCRIPT_OUTPUT_FILE_0}\"\n";
			showEnvVarsInLog = 0;
		};
		BDA6F1E5E124139FC4F45067 /* [CP] Check Pods Manifest.lock */ = {
			isa = PBXShellScriptBuildPhase;
			buildActionMask = 2147483647;
			files = (
			);
			inputFileListPaths = (
			);
			inputPaths = (
				"${PODS_PODFILE_DIR_PATH}/Podfile.lock",
				"${PODS_ROOT}/Manifest.lock",
			);
			name = "[CP] Check Pods Manifest.lock";
			outputFileListPaths = (
			);
			outputPaths = (
				"$(DERIVED_FILE_DIR)/Pods-fakturyTests-checkManifestLockResult.txt",
			);
			runOnlyForDeploymentPostprocessing = 0;
			shellPath = /bin/sh;
			shellScript = "diff \"${PODS_PODFILE_DIR_PATH}/Podfile.lock\" \"${PODS_ROOT}/Manifest.lock\" > /dev/null\nif [ $? != 0 ] ; then\n    # print error to STDERR\n    echo \"error: The sandbox is not in sync with the Podfile.lock. Run 'pod install' or update your CocoaPods installation.\" >&2\n    exit 1\nfi\n# This output is used by Xcode 'outputs' to avoid re-running this script phase.\necho \"SUCCESS\" > \"${SCRIPT_OUTPUT_FILE_0}\"\n";
			showEnvVarsInLog = 0;
		};
		FE322A8A24E553FB72C214C6 /* [CP] Embed Pods Frameworks */ = {
			isa = PBXShellScriptBuildPhase;
			buildActionMask = 2147483647;
			files = (
			);
			inputFileListPaths = (
				"${PODS_ROOT}/Target Support Files/Pods-faktury-fakturyUITests/Pods-faktury-fakturyUITests-frameworks-${CONFIGURATION}-input-files.xcfilelist",
			);
			name = "[CP] Embed Pods Frameworks";
			outputFileListPaths = (
				"${PODS_ROOT}/Target Support Files/Pods-faktury-fakturyUITests/Pods-faktury-fakturyUITests-frameworks-${CONFIGURATION}-output-files.xcfilelist",
			);
			runOnlyForDeploymentPostprocessing = 0;
			shellPath = /bin/sh;
			shellScript = "\"${PODS_ROOT}/Target Support Files/Pods-faktury-fakturyUITests/Pods-faktury-fakturyUITests-frameworks.sh\"\n";
			showEnvVarsInLog = 0;
		};
/* End PBXShellScriptBuildPhase section */

/* Begin PBXSourcesBuildPhase section */
		F5922B0128C2490100F021F2 /* Sources */ = {
			isa = PBXSourcesBuildPhase;
			buildActionMask = 2147483647;
			files = (
				F5922B3A28C24A3B00F021F2 /* UserInputView.swift in Sources */,
				F5922B3E28C251F200F021F2 /* MainCoordinator.swift in Sources */,
				F5922B0D28C2490100F021F2 /* UserInputViewController.swift in Sources */,
				F5922B4628C36EBF00F021F2 /* ApprovalViewController.swift in Sources */,
				5D92421328C5F51C009AEA87 /* SummaryViewController.swift in Sources */,
				F5922B3C28C24DAF00F021F2 /* Coordinator.swift in Sources */,
				F5922B4228C35D7E00F021F2 /* CustomButton.swift in Sources */,
				F5922B4428C36AAC00F021F2 /* ApprovalView.swift in Sources */,
				5D92421128C5D45D009AEA87 /* SummaryView.swift in Sources */,
				F5922B0928C2490100F021F2 /* AppDelegate.swift in Sources */,
				F5922B0B28C2490100F021F2 /* SceneDelegate.swift in Sources */,
			);
			runOnlyForDeploymentPostprocessing = 0;
		};
		F5922B1728C2490500F021F2 /* Sources */ = {
			isa = PBXSourcesBuildPhase;
			buildActionMask = 2147483647;
			files = (
				F5922B2028C2490500F021F2 /* fakturyTests.swift in Sources */,
			);
			runOnlyForDeploymentPostprocessing = 0;
		};
		F5922B2128C2490500F021F2 /* Sources */ = {
			isa = PBXSourcesBuildPhase;
			buildActionMask = 2147483647;
			files = (
				F5922B2A28C2490500F021F2 /* fakturyUITests.swift in Sources */,
				F5922B2C28C2490500F021F2 /* fakturyUITestsLaunchTests.swift in Sources */,
			);
			runOnlyForDeploymentPostprocessing = 0;
		};
/* End PBXSourcesBuildPhase section */

/* Begin PBXTargetDependency section */
		F5922B1D28C2490500F021F2 /* PBXTargetDependency */ = {
			isa = PBXTargetDependency;
			target = F5922B0428C2490100F021F2 /* faktury */;
			targetProxy = F5922B1C28C2490500F021F2 /* PBXContainerItemProxy */;
		};
		F5922B2728C2490500F021F2 /* PBXTargetDependency */ = {
			isa = PBXTargetDependency;
			target = F5922B0428C2490100F021F2 /* faktury */;
			targetProxy = F5922B2628C2490500F021F2 /* PBXContainerItemProxy */;
		};
/* End PBXTargetDependency section */

/* Begin PBXVariantGroup section */
		F5922B1328C2490500F021F2 /* LaunchScreen.storyboard */ = {
			isa = PBXVariantGroup;
			children = (
				F5922B1428C2490500F021F2 /* Base */,
			);
			name = LaunchScreen.storyboard;
			sourceTree = "<group>";
		};
/* End PBXVariantGroup section */

/* Begin XCBuildConfiguration section */
		F5922B2D28C2490500F021F2 /* Debug */ = {
			isa = XCBuildConfiguration;
			buildSettings = {
				ALWAYS_SEARCH_USER_PATHS = NO;
				CLANG_ANALYZER_NONNULL = YES;
				CLANG_ANALYZER_NUMBER_OBJECT_CONVERSION = YES_AGGRESSIVE;
				CLANG_CXX_LANGUAGE_STANDARD = "gnu++17";
				CLANG_ENABLE_MODULES = YES;
				CLANG_ENABLE_OBJC_ARC = YES;
				CLANG_ENABLE_OBJC_WEAK = YES;
				CLANG_WARN_BLOCK_CAPTURE_AUTORELEASING = YES;
				CLANG_WARN_BOOL_CONVERSION = YES;
				CLANG_WARN_COMMA = YES;
				CLANG_WARN_CONSTANT_CONVERSION = YES;
				CLANG_WARN_DEPRECATED_OBJC_IMPLEMENTATIONS = YES;
				CLANG_WARN_DIRECT_OBJC_ISA_USAGE = YES_ERROR;
				CLANG_WARN_DOCUMENTATION_COMMENTS = YES;
				CLANG_WARN_EMPTY_BODY = YES;
				CLANG_WARN_ENUM_CONVERSION = YES;
				CLANG_WARN_INFINITE_RECURSION = YES;
				CLANG_WARN_INT_CONVERSION = YES;
				CLANG_WARN_NON_LITERAL_NULL_CONVERSION = YES;
				CLANG_WARN_OBJC_IMPLICIT_RETAIN_SELF = YES;
				CLANG_WARN_OBJC_LITERAL_CONVERSION = YES;
				CLANG_WARN_OBJC_ROOT_CLASS = YES_ERROR;
				CLANG_WARN_QUOTED_INCLUDE_IN_FRAMEWORK_HEADER = YES;
				CLANG_WARN_RANGE_LOOP_ANALYSIS = YES;
				CLANG_WARN_STRICT_PROTOTYPES = YES;
				CLANG_WARN_SUSPICIOUS_MOVE = YES;
				CLANG_WARN_UNGUARDED_AVAILABILITY = YES_AGGRESSIVE;
				CLANG_WARN_UNREACHABLE_CODE = YES;
				CLANG_WARN__DUPLICATE_METHOD_MATCH = YES;
				COPY_PHASE_STRIP = NO;
				DEBUG_INFORMATION_FORMAT = dwarf;
				ENABLE_STRICT_OBJC_MSGSEND = YES;
				ENABLE_TESTABILITY = YES;
				GCC_C_LANGUAGE_STANDARD = gnu11;
				GCC_DYNAMIC_NO_PIC = NO;
				GCC_NO_COMMON_BLOCKS = YES;
				GCC_OPTIMIZATION_LEVEL = 0;
				GCC_PREPROCESSOR_DEFINITIONS = (
					"DEBUG=1",
					"$(inherited)",
				);
				GCC_WARN_64_TO_32_BIT_CONVERSION = YES;
				GCC_WARN_ABOUT_RETURN_TYPE = YES_ERROR;
				GCC_WARN_UNDECLARED_SELECTOR = YES;
				GCC_WARN_UNINITIALIZED_AUTOS = YES_AGGRESSIVE;
				GCC_WARN_UNUSED_FUNCTION = YES;
				GCC_WARN_UNUSED_VARIABLE = YES;
				IPHONEOS_DEPLOYMENT_TARGET = 15.5;
				MTL_ENABLE_DEBUG_INFO = INCLUDE_SOURCE;
				MTL_FAST_MATH = YES;
				ONLY_ACTIVE_ARCH = YES;
				SDKROOT = iphoneos;
				SWIFT_ACTIVE_COMPILATION_CONDITIONS = DEBUG;
				SWIFT_OPTIMIZATION_LEVEL = "-Onone";
			};
			name = Debug;
		};
		F5922B2E28C2490500F021F2 /* Release */ = {
			isa = XCBuildConfiguration;
			buildSettings = {
				ALWAYS_SEARCH_USER_PATHS = NO;
				CLANG_ANALYZER_NONNULL = YES;
				CLANG_ANALYZER_NUMBER_OBJECT_CONVERSION = YES_AGGRESSIVE;
				CLANG_CXX_LANGUAGE_STANDARD = "gnu++17";
				CLANG_ENABLE_MODULES = YES;
				CLANG_ENABLE_OBJC_ARC = YES;
				CLANG_ENABLE_OBJC_WEAK = YES;
				CLANG_WARN_BLOCK_CAPTURE_AUTORELEASING = YES;
				CLANG_WARN_BOOL_CONVERSION = YES;
				CLANG_WARN_COMMA = YES;
				CLANG_WARN_CONSTANT_CONVERSION = YES;
				CLANG_WARN_DEPRECATED_OBJC_IMPLEMENTATIONS = YES;
				CLANG_WARN_DIRECT_OBJC_ISA_USAGE = YES_ERROR;
				CLANG_WARN_DOCUMENTATION_COMMENTS = YES;
				CLANG_WARN_EMPTY_BODY = YES;
				CLANG_WARN_ENUM_CONVERSION = YES;
				CLANG_WARN_INFINITE_RECURSION = YES;
				CLANG_WARN_INT_CONVERSION = YES;
				CLANG_WARN_NON_LITERAL_NULL_CONVERSION = YES;
				CLANG_WARN_OBJC_IMPLICIT_RETAIN_SELF = YES;
				CLANG_WARN_OBJC_LITERAL_CONVERSION = YES;
				CLANG_WARN_OBJC_ROOT_CLASS = YES_ERROR;
				CLANG_WARN_QUOTED_INCLUDE_IN_FRAMEWORK_HEADER = YES;
				CLANG_WARN_RANGE_LOOP_ANALYSIS = YES;
				CLANG_WARN_STRICT_PROTOTYPES = YES;
				CLANG_WARN_SUSPICIOUS_MOVE = YES;
				CLANG_WARN_UNGUARDED_AVAILABILITY = YES_AGGRESSIVE;
				CLANG_WARN_UNREACHABLE_CODE = YES;
				CLANG_WARN__DUPLICATE_METHOD_MATCH = YES;
				COPY_PHASE_STRIP = NO;
				DEBUG_INFORMATION_FORMAT = "dwarf-with-dsym";
				ENABLE_NS_ASSERTIONS = NO;
				ENABLE_STRICT_OBJC_MSGSEND = YES;
				GCC_C_LANGUAGE_STANDARD = gnu11;
				GCC_NO_COMMON_BLOCKS = YES;
				GCC_WARN_64_TO_32_BIT_CONVERSION = YES;
				GCC_WARN_ABOUT_RETURN_TYPE = YES_ERROR;
				GCC_WARN_UNDECLARED_SELECTOR = YES;
				GCC_WARN_UNINITIALIZED_AUTOS = YES_AGGRESSIVE;
				GCC_WARN_UNUSED_FUNCTION = YES;
				GCC_WARN_UNUSED_VARIABLE = YES;
				IPHONEOS_DEPLOYMENT_TARGET = 15.5;
				MTL_ENABLE_DEBUG_INFO = NO;
				MTL_FAST_MATH = YES;
				SDKROOT = iphoneos;
				SWIFT_COMPILATION_MODE = wholemodule;
				SWIFT_OPTIMIZATION_LEVEL = "-O";
				VALIDATE_PRODUCT = YES;
			};
			name = Release;
		};
		F5922B3028C2490500F021F2 /* Debug */ = {
			isa = XCBuildConfiguration;
			baseConfigurationReference = 73366C80F699AB979D701F2D /* Pods-faktury.debug.xcconfig */;
			buildSettings = {
				ASSETCATALOG_COMPILER_APPICON_NAME = AppIcon;
				ASSETCATALOG_COMPILER_GLOBAL_ACCENT_COLOR_NAME = AccentColor;
				CODE_SIGN_STYLE = Automatic;
				CURRENT_PROJECT_VERSION = 1;
				DEVELOPMENT_TEAM = 2HGWA8M68U;
				GENERATE_INFOPLIST_FILE = YES;
				INFOPLIST_FILE = faktury/Info.plist;
				INFOPLIST_KEY_UIApplicationSupportsIndirectInputEvents = YES;
				INFOPLIST_KEY_UILaunchStoryboardName = LaunchScreen;
				INFOPLIST_KEY_UISupportedInterfaceOrientations_iPad = "UIInterfaceOrientationPortrait UIInterfaceOrientationPortraitUpsideDown UIInterfaceOrientationLandscapeLeft UIInterfaceOrientationLandscapeRight";
				INFOPLIST_KEY_UISupportedInterfaceOrientations_iPhone = "UIInterfaceOrientationPortrait UIInterfaceOrientationLandscapeLeft UIInterfaceOrientationLandscapeRight";
				LD_RUNPATH_SEARCH_PATHS = (
					"$(inherited)",
					"@executable_path/Frameworks",
				);
				MARKETING_VERSION = 1.0;
				PRODUCT_BUNDLE_IDENTIFIER = babinmichal.faktury;
				PRODUCT_NAME = "$(TARGET_NAME)";
				SWIFT_EMIT_LOC_STRINGS = YES;
				SWIFT_VERSION = 5.0;
				TARGETED_DEVICE_FAMILY = "1,2";
			};
			name = Debug;
		};
		F5922B3128C2490500F021F2 /* Release */ = {
			isa = XCBuildConfiguration;
			baseConfigurationReference = C6A71C4397D7064A087D1863 /* Pods-faktury.release.xcconfig */;
			buildSettings = {
				ASSETCATALOG_COMPILER_APPICON_NAME = AppIcon;
				ASSETCATALOG_COMPILER_GLOBAL_ACCENT_COLOR_NAME = AccentColor;
				CODE_SIGN_STYLE = Automatic;
				CURRENT_PROJECT_VERSION = 1;
				DEVELOPMENT_TEAM = 2HGWA8M68U;
				GENERATE_INFOPLIST_FILE = YES;
				INFOPLIST_FILE = faktury/Info.plist;
				INFOPLIST_KEY_UIApplicationSupportsIndirectInputEvents = YES;
				INFOPLIST_KEY_UILaunchStoryboardName = LaunchScreen;
				INFOPLIST_KEY_UISupportedInterfaceOrientations_iPad = "UIInterfaceOrientationPortrait UIInterfaceOrientationPortraitUpsideDown UIInterfaceOrientationLandscapeLeft UIInterfaceOrientationLandscapeRight";
				INFOPLIST_KEY_UISupportedInterfaceOrientations_iPhone = "UIInterfaceOrientationPortrait UIInterfaceOrientationLandscapeLeft UIInterfaceOrientationLandscapeRight";
				LD_RUNPATH_SEARCH_PATHS = (
					"$(inherited)",
					"@executable_path/Frameworks",
				);
				MARKETING_VERSION = 1.0;
				PRODUCT_BUNDLE_IDENTIFIER = babinmichal.faktury;
				PRODUCT_NAME = "$(TARGET_NAME)";
				SWIFT_EMIT_LOC_STRINGS = YES;
				SWIFT_VERSION = 5.0;
				TARGETED_DEVICE_FAMILY = "1,2";
			};
			name = Release;
		};
		F5922B3328C2490500F021F2 /* Debug */ = {
			isa = XCBuildConfiguration;
			baseConfigurationReference = F4EA60F6FBE6EF56EC076A64 /* Pods-fakturyTests.debug.xcconfig */;
			buildSettings = {
				ALWAYS_EMBED_SWIFT_STANDARD_LIBRARIES = YES;
				BUNDLE_LOADER = "$(TEST_HOST)";
				CODE_SIGN_STYLE = Automatic;
				CURRENT_PROJECT_VERSION = 1;
				DEVELOPMENT_TEAM = 2HGWA8M68U;
				GENERATE_INFOPLIST_FILE = YES;
				IPHONEOS_DEPLOYMENT_TARGET = 15.5;
				MARKETING_VERSION = 1.0;
				PRODUCT_BUNDLE_IDENTIFIER = babinmichal.fakturyTests;
				PRODUCT_NAME = "$(TARGET_NAME)";
				SWIFT_EMIT_LOC_STRINGS = NO;
				SWIFT_VERSION = 5.0;
				TARGETED_DEVICE_FAMILY = "1,2";
				TEST_HOST = "$(BUILT_PRODUCTS_DIR)/faktury.app/faktury";
			};
			name = Debug;
		};
		F5922B3428C2490500F021F2 /* Release */ = {
			isa = XCBuildConfiguration;
			baseConfigurationReference = B06375B5D8F52E0B6F126C1F /* Pods-fakturyTests.release.xcconfig */;
			buildSettings = {
				ALWAYS_EMBED_SWIFT_STANDARD_LIBRARIES = YES;
				BUNDLE_LOADER = "$(TEST_HOST)";
				CODE_SIGN_STYLE = Automatic;
				CURRENT_PROJECT_VERSION = 1;
				DEVELOPMENT_TEAM = 2HGWA8M68U;
				GENERATE_INFOPLIST_FILE = YES;
				IPHONEOS_DEPLOYMENT_TARGET = 15.5;
				MARKETING_VERSION = 1.0;
				PRODUCT_BUNDLE_IDENTIFIER = babinmichal.fakturyTests;
				PRODUCT_NAME = "$(TARGET_NAME)";
				SWIFT_EMIT_LOC_STRINGS = NO;
				SWIFT_VERSION = 5.0;
				TARGETED_DEVICE_FAMILY = "1,2";
				TEST_HOST = "$(BUILT_PRODUCTS_DIR)/faktury.app/faktury";
			};
			name = Release;
		};
		F5922B3628C2490500F021F2 /* Debug */ = {
			isa = XCBuildConfiguration;
			baseConfigurationReference = 4E16FC2CA008D229B5CEB57E /* Pods-faktury-fakturyUITests.debug.xcconfig */;
			buildSettings = {
				ALWAYS_EMBED_SWIFT_STANDARD_LIBRARIES = YES;
				CODE_SIGN_STYLE = Automatic;
				CURRENT_PROJECT_VERSION = 1;
				DEVELOPMENT_TEAM = 2HGWA8M68U;
				GENERATE_INFOPLIST_FILE = YES;
				MARKETING_VERSION = 1.0;
				PRODUCT_BUNDLE_IDENTIFIER = babinmichal.fakturyUITests;
				PRODUCT_NAME = "$(TARGET_NAME)";
				SWIFT_EMIT_LOC_STRINGS = NO;
				SWIFT_VERSION = 5.0;
				TARGETED_DEVICE_FAMILY = "1,2";
				TEST_TARGET_NAME = faktury;
			};
			name = Debug;
		};
		F5922B3728C2490500F021F2 /* Release */ = {
			isa = XCBuildConfiguration;
			baseConfigurationReference = D60857868D7559C708A8E4FD /* Pods-faktury-fakturyUITests.release.xcconfig */;
			buildSettings = {
				ALWAYS_EMBED_SWIFT_STANDARD_LIBRARIES = YES;
				CODE_SIGN_STYLE = Automatic;
				CURRENT_PROJECT_VERSION = 1;
				DEVELOPMENT_TEAM = 2HGWA8M68U;
				GENERATE_INFOPLIST_FILE = YES;
				MARKETING_VERSION = 1.0;
				PRODUCT_BUNDLE_IDENTIFIER = babinmichal.fakturyUITests;
				PRODUCT_NAME = "$(TARGET_NAME)";
				SWIFT_EMIT_LOC_STRINGS = NO;
				SWIFT_VERSION = 5.0;
				TARGETED_DEVICE_FAMILY = "1,2";
				TEST_TARGET_NAME = faktury;
			};
			name = Release;
		};
/* End XCBuildConfiguration section */

/* Begin XCConfigurationList section */
		F5922B0028C2490100F021F2 /* Build configuration list for PBXProject "faktury" */ = {
			isa = XCConfigurationList;
			buildConfigurations = (
				F5922B2D28C2490500F021F2 /* Debug */,
				F5922B2E28C2490500F021F2 /* Release */,
			);
			defaultConfigurationIsVisible = 0;
			defaultConfigurationName = Release;
		};
		F5922B2F28C2490500F021F2 /* Build configuration list for PBXNativeTarget "faktury" */ = {
			isa = XCConfigurationList;
			buildConfigurations = (
				F5922B3028C2490500F021F2 /* Debug */,
				F5922B3128C2490500F021F2 /* Release */,
			);
			defaultConfigurationIsVisible = 0;
			defaultConfigurationName = Release;
		};
		F5922B3228C2490500F021F2 /* Build configuration list for PBXNativeTarget "fakturyTests" */ = {
			isa = XCConfigurationList;
			buildConfigurations = (
				F5922B3328C2490500F021F2 /* Debug */,
				F5922B3428C2490500F021F2 /* Release */,
			);
			defaultConfigurationIsVisible = 0;
			defaultConfigurationName = Release;
		};
		F5922B3528C2490500F021F2 /* Build configuration list for PBXNativeTarget "fakturyUITests" */ = {
			isa = XCConfigurationList;
			buildConfigurations = (
				F5922B3628C2490500F021F2 /* Debug */,
				F5922B3728C2490500F021F2 /* Release */,
			);
			defaultConfigurationIsVisible = 0;
			defaultConfigurationName = Release;
		};
/* End XCConfigurationList section */
	};
	rootObject = F5922AFD28C2490100F021F2 /* Project object */;
}
